# This file is automatically @generated by Cargo.
# It is not intended for manual editing.
version = 4

[[package]]
name = "sadas-arch-x86_64"
version = "0.1.0"

[[package]]
name = "sadas-boot"
version = "0.1.0"

[[package]]
name = "sadas-boot-protocol"
version = "0.1.0"

[[package]]
name = "sadas-bootloader-uefi"
version = "0.1.0"
dependencies = [
 "sadas-boot-protocol",
]

[[package]]
name = "sadas-console"
version = "0.1.0"
dependencies = [
 "sadas-boot-protocol",
]

[[package]]
name = "sadas-core"
version = "0.1.0"

[[package]]
name = "sadas-drivers"
version = "0.1.0"

[[package]]
name = "sadas-exec"
version = "0.1.0"

[[package]]
name = "sadas-init"
version = "0.1.0"
dependencies = [
 "sadas-boot",
 "sadas-drivers",
 "sadas-installer",
 "sadas-kernel",
 "sadas-services",
 "sadas-ui",
 "sadas-vm",
]

[[package]]
name = "sadas-installer"
version = "0.1.0"

[[package]]
name = "sadas-kernel"
version = "0.1.0"
dependencies = [
 "sadas-arch-x86_64",
 "sadas-boot-protocol",
 "sadas-console",
 "sadas-exec",
 "sadas-logging",
 "sadas-memory",
 "sadas-platform",
 "sadas-sysapi",
 "sadas-syscall",
]

[[package]]
name = "sadas-logging"
version = "0.1.0"

[[package]]
name = "sadas-memory"
version = "0.1.0"

[[package]]
name = "sadas-permission-broker"
version = "0.1.0"
dependencies = [
 "sadas-core",
]

[[package]]
name = "sadas-platform"
version = "0.1.0"

[[package]]
name = "sadas-privacy-firewall"
version = "0.1.0"
dependencies = [
 "sadas-core",
]

[[package]]
name = "sadas-qemu-runner"
version = "0.1.0"
dependencies = [
 "sadas-kernel",
]

[[package]]
name = "sadas-services"
version = "0.1.0"
dependencies = [
 "sadas-sysapi",
]

[[package]]
name = "sadas-settings"
version = "0.1.0"
dependencies = [
 "sadas-core",
]

[[package]]
name = "sadas-store"
version = "0.1.0"
dependencies = [
 "sadas-core",
]

[[package]]
name = "sadas-sysapi"
version = "0.1.0"

[[package]]
name = "sadas-syscall"
version = "0.1.0"

[[package]]
name = "sadas-ui"
version = "0.1.0"
dependencies = [
 "sadas-sysapi",
]

[[package]]
name = "sadas-user-init"
version = "0.1.0"
dependencies = [
 "sadas-syscall",
 "sadas-userland",
]

[[package]]
name = "sadas-user-shell"
version = "0.1.0"
dependencies = [
 "sadas-userland",
]

[[package]]
name = "sadas-userland"
version = "0.1.0"
dependencies = [
 "sadas-syscall",
]

[[package]]
name = "sadas-vm"
version = "0.1.0"

[[package]]
name = "sadasctl"
version = "0.1.0"
