# This file is automatically @generated by Cargo.
# It is not intended for manual editing.
version = 4

[[package]]
name = "sadas-init"
version = "0.1.0"
dependencies = [
 "sadas-kernel",
 "sadas-services",
 "sadas-sysapi",
 "sadas-ui",
]

[[package]]
name = "sadas-kernel"
version = "0.1.0"
dependencies = [
 "sadas-platform",
 "sadas-sysapi",
]

[[package]]
name = "sadas-platform"
version = "0.1.0"

[[package]]
name = "sadas-services"
version = "0.1.0"
dependencies = [
 "sadas-sysapi",
]

[[package]]
name = "sadas-sysapi"
version = "0.1.0"

[[package]]
name = "sadas-ui"
version = "0.1.0"
dependencies = [
 "sadas-sysapi",
]

[[package]]
name = "sadasctl"
version = "0.1.0"
